github.com/antithesishq/antithesis-sdk-go v0.4.3-default-no-op h1:+OSa/t11TFhqfrX0EOSqQBDJ0YlpmK0rDSiB19dg9M0=
github.com/antithesishq/antithesis-sdk-go v0.4.3-default-no-op/go.mod h1:IUpT2DPAKh6i/YhSbt6Gl3v2yvUZjmKncl7U91fup7E=
github.com/cenkalti/backoff/v4 v4.3.0 h1:MyRJ/UdXutAwSAT+s3wNd7MfTIcy71VQueUuFK343L8=
github.com/cenkalti/backoff/v4 v4.3.0/go.mod h1:Y3VNntkOUPxTVeUxJ/G5vcM//AlwfmyYozVcomhLiZE=
github.com/cenkalti/backoff/v5 v5.0.3 h1:ZN+IMa753KfX5hd8vVaMixjnqRZ3y8CuJKRKj1xcsSM=
github.com/cenkalti/backoff/v5 v5.0.3/go.mod h1:rkhZdG3JZukswDf7f0cwqPNk4K0sa+F97BxZthm/crw=
github.com/davecgh/go-spew v1.1.1 h1:vj9j/u1bqnvCEfJOwUhtlOARqs3+rkHYY13jYWTU97c=
github.com/davecgh/go-spew v1.1.1/go.mod h1:J7Y8YcW2NihsgmVo/mv3lAwl/skON4iLHjSsI+c5H38=
github.com/go-logr/logr v1.2.2/go.mod h1:jdQByPbusPIv2/zmleS9BjJVeZ6kBagPoEUsqbVz/1A=
github.com/go-logr/logr v1.4.3 h1:CjnDlHq8ikf6E492q6eKboGOC0T8CDaOvkHCIg8idEI=
github.com/go-logr/logr v1.4.3/go.mod h1:9T104GzyrTigFIr8wt5mBrctHMim0Nb2HLGrmQ40KvY=
github.com/go-logr/stdr v1.2.2 h1:hSWxHoqTgW2S2qGc0LTAI563KZ5YKYRhT3MFKZMbjag=
github.com/go-logr/stdr v1.2.2/go.mod h1:mMo/vtBO5dYbehREoey6XUKy/eSumjCCveDpRre4VKE=
github.com/golang/protobuf v1.5.4 h1:i7eJL8qZTpSEXOPTxNKhASYpMn+8e5Q6AdndVa1dWek=
github.com/golang/protobuf v1.5.4/go.mod h1:lnTiLA8Wa4RWRcIUkrtSVa5nRhsEGBg48fD6rSs7xps=
github.com/google/go-cmp v0.7.0 h1:wk8382ETsv4JYUZwIsn6YpYiWiBsYLSJiTsyBybVuN8=
github.com/google/go-cmp v0.7.0/go.mod h1:pXiqmnSA92OHEEa9HXL2W4E7lf9JzCmGVUdgjX3N/iU=
github.com/google/go-tpm v0.9.5 h1:ocUmnDebX54dnW+MQWGQRbdaAcJELsa6PqZhJ48KwVU=
github.com/google/go-tpm v0.9.5/go.mod h1:h9jEsEECg7gtLis0upRBQU+GhYVH6jMjrFxI8u6bVUY=
github.com/google/uuid v1.6.0 h1:NIvaJDMOsjHA8n1jAhLSgzrAzy1Hgr+hNrb57e+94F0=
github.com/google/uuid v1.6.0/go.mod h1:TIyPZe4MgqvfeYDBFedMoGGpEw/LqOeaOT+nhxU+yHo=
github.com/grpc-ecosystem/grpc-gateway/v2 v2.26.1 h1:e9Rjr40Z98/clHv5Yg79Is0NtosR5LXRvdr7o/6NwbA=
github.com/grpc-ecosystem/grpc-gateway/v2 v2.26.1/go.mod h1:tIxuGz/9mpox++sgp9fJjHO0+q1X9/UOWd798aAm22M=
github.com/grpc-ecosystem/grpc-gateway/v2 v2.27.2 h1:8Tjv8EJ+pM1xP8mK6egEbD1OgnVTyacbefKhmbLhIhU=
github.com/grpc-ecosystem/grpc-gateway/v2 v2.27.2/go.mod h1:pkJQ2tZHJ0aFOVEEot6oZmaVEZcRme73eIFmhiVuRWs=
github.com/klauspost/compress v1.18.0 h1:c/Cqfb0r+Yi+JtIEq73FWXVkRonBlf0CRNYc8Zttxdo=
github.com/klauspost/compress v1.18.0/go.mod h1:2Pp+KzxcywXVXMr50+X0Q/Lsb43OQHYWRCY2AiWywWQ=
github.com/kr/pretty v0.3.1 h1:flRD4NNwYAUpkphVc1HcthR4KEIFJ65n8Mw5qdRn3LE=
github.com/kr/pretty v0.3.1/go.mod h1:hoEshYVHaxMs3cyo3Yncou5ZscifuDolrwPKZanG3xk=
github.com/kr/text v0.2.0 h1:5Nx0Ya0ZqY2ygV366QzturHI13Jq95ApcVaJBhpS+AY=
github.com/kr/text v0.2.0/go.mod h1:eLer722TekiGuMkidMxC/pM04lWEeraHUUmBw8l2grE=
github.com/minio/highwayhash v1.0.3 h1:kbnuUMoHYyVl7szWjSxJnxw11k2U709jqFPPmIUyD6Q=
github.com/minio/highwayhash v1.0.3/go.mod h1:GGYsuwP/fPD6Y9hMiXuapVvlIUEhFhMTh0rxU3ik1LQ=
github.com/nats-io/jwt/v2 v2.7.4 h1:jXFuDDxs/GQjGDZGhNgH4tXzSUK6WQi2rsj4xmsNOtI=
github.com/nats-io/jwt/v2 v2.7.4/go.mod h1:me11pOkwObtcBNR8AiMrUbtVOUGkqYjMQZ6jnSdVUIA=
github.com/nats-io/nats-server/v2 v2.11.8 h1:7T1wwwd/SKTDWW47KGguENE7Wa8CpHxLD1imet1iW7c=
github.com/nats-io/nats-server/v2 v2.11.8/go.mod h1:C2zlzMA8PpiMMxeXSz7FkU3V+J+H15kiqrkvgtn2kS8=
github.com/nats-io/nats.go v1.45.0 h1:/wGPbnYXDM0pLKFjZTX+2JOw9TQPoIgTFrUaH97giwA=
github.com/nats-io/nats.go v1.45.0/go.mod h1:iRWIPokVIFbVijxuMQq4y9ttaBTMe0SFdlZfMDd+33g=
github.com/nats-io/nkeys v0.4.11 h1:q44qGV008kYd9W1b1nEBkNzvnWxtRSQ7A8BoqRrcfa0=
github.com/nats-io/nkeys v0.4.11/go.mod h1:szDimtgmfOi9n25JpfIdGw12tZFYXqhGxjhVxsatHVE=
github.com/nats-io/nuid v1.0.1 h1:5iA8DT8V7q8WK2EScv2padNa/rTESc1KdnPw4TC2paw=
github.com/nats-io/nuid v1.0.1/go.mod h1:19wcPz3Ph3q0Jbyiqsd0kePYG7A95tJPxeL+1OSON2c=
github.com/ose-micro/core v0.1.8 h1:8AjO2fRKfWD4bzpd7gkGoTVeb6CLvycgdguOSg9aTEw=
github.com/ose-micro/core v0.1.8/go.mod h1:VzegDg4JTcbxnG4rBV7xsCsp2FuXGhvCqvFw1mS2aVQ=
github.com/ose-micro/core v0.3.4/go.mod h1:VzegDg4JTcbxnG4rBV7xsCsp2FuXGhvCqvFw1mS2aVQ=
github.com/ose-micro/core v0.3.6 h1:IK2OzhpmhdGiPhy3Pok7+x8/xKObBVSkbqqWd32h6h4=
github.com/ose-micro/core v0.3.6/go.mod h1:VzegDg4JTcbxnG4rBV7xsCsp2FuXGhvCqvFw1mS2aVQ=
github.com/ose-micro/cqrs v0.3.3 h1:OHGQ3wJrByeJVAX4h8omKtDvHGD97z+vJfFQAiCDgq8=
github.com/ose-micro/cqrs v0.3.3/go.mod h1:MaY3QuyJOiCNHHamAM4cv1/WARWiMOG5hVz89Eya0ew=
github.com/ose-micro/error v0.0.0-20250827220005-c4271c27c5aa h1:K/YNAY/bK+WiWAof3/2tdr7GRlIAG2VGFqWCNR21Nog=
github.com/ose-micro/error v0.0.0-20250827220005-c4271c27c5aa/go.mod h1:igXeSd2iWCP3r8STfgVEhYvZXpGelb7r3gfkoTUjT/A=
github.com/ose-micro/rid v0.0.6 h1:kxwzZDMv4g4sd6JEpCVY9s4FWK9JEg2N03umf+EbVfA=
github.com/ose-micro/rid v0.0.6/go.mod h1:FA+tRolrPFXNUmbq2UWgoBZxOmMc+0Cwi6JpDIujvfQ=
github.com/pmezard/go-difflib v1.0.0 h1:4DBwDE0NGyQoBHbLQYPwSUPoCMWR5BEzIk/f1lZbAQM=
github.com/pmezard/go-difflib v1.0.0/go.mod h1:iKH77koFhYxTK1pcRnkKkqfTogsbg7gZNVY4sRDYZ/4=
github.com/rogpeppe/go-internal v1.13.1 h1:KvO1DLK/DRN07sQ1LQKScxyZJuNnedQ5/wKSR38lUII=
github.com/rogpeppe/go-internal v1.13.1/go.mod h1:uMEvuHeurkdAXX61udpOXGD/AzZDWNMNyH2VO9fmH0o=
github.com/stretchr/testify v1.10.0 h1:Xv5erBjTwe/5IxqUQTdXv5kgmIvbHo3QQyRwhJsOfJA=
github.com/stretchr/testify v1.10.0/go.mod h1:r2ic/lqez/lEtzL7wO/rwa5dbSLXVDPFyf8C91i36aY=
github.com/stretchr/testify v1.11.1/go.mod h1:wZwfW3scLgRK+23gO65QZefKpKQRnfz6sD981Nm4B6U=
go.opentelemetry.io/auto/sdk v1.1.0 h1:cH53jehLUN6UFLY71z+NDOiNJqDdPRaXzTel0sJySYA=
go.opentelemetry.io/auto/sdk v1.1.0/go.mod h1:3wSPjt5PWp2RhlCcmmOial7AvC4DQqZb7a7wCow3W8A=
go.opentelemetry.io/otel v1.37.0 h1:9zhNfelUvx0KBfu/gb+ZgeAfAgtWrfHJZcAqFC228wQ=
go.opentelemetry.io/otel v1.37.0/go.mod h1:ehE/umFRLnuLa/vSccNq9oS1ErUlkkK71gMcN34UG8I=
go.opentelemetry.io/otel v1.38.0 h1:RkfdswUDRimDg0m2Az18RKOsnI8UDzppJAtj01/Ymk8=
go.opentelemetry.io/otel v1.38.0/go.mod h1:zcmtmQ1+YmQM9wrNsTGV/q/uyusom3P8RxwExxkZhjM=
go.opentelemetry.io/otel/exporters/otlp/otlptrace v1.35.0 h1:1fTNlAIJZGWLP5FVu0fikVry1IsiUnXjf7QFvoNN3Xw=
go.opentelemetry.io/otel/exporters/otlp/otlptrace v1.35.0/go.mod h1:zjPK58DtkqQFn+YUMbx0M2XV3QgKU0gS9LeGohREyK4=
go.opentelemetry.io/otel/exporters/otlp/otlptrace v1.38.0 h1:GqRJVj7UmLjCVyVJ3ZFLdPRmhDUp2zFmQe3RHIOsw24=
go.opentelemetry.io/otel/exporters/otlp/otlptrace v1.38.0/go.mod h1:ri3aaHSmCTVYu2AWv44YMauwAQc0aqI9gHKIcSbI1pU=
go.opentelemetry.io/otel/exporters/otlp/otlptrace/otlptracegrpc v1.35.0 h1:m639+BofXTvcY1q8CGs4ItwQarYtJPOWmVobfM1HpVI=
go.opentelemetry.io/otel/exporters/otlp/otlptrace/otlptracegrpc v1.35.0/go.mod h1:LjReUci/F4BUyv+y4dwnq3h/26iNOeC3wAIqgvTIZVo=
go.opentelemetry.io/otel/exporters/otlp/otlptrace/otlptracegrpc v1.38.0 h1:lwI4Dc5leUqENgGuQImwLo4WnuXFPetmPpkLi2IrX54=
go.opentelemetry.io/otel/exporters/otlp/otlptrace/otlptracegrpc v1.38.0/go.mod h1:Kz/oCE7z5wuyhPxsXDuaPteSWqjSBD5YaSdbxZYGbGk=
go.opentelemetry.io/otel/metric v1.37.0 h1:mvwbQS5m0tbmqML4NqK+e3aDiO02vsf/WgbsdpcPoZE=
go.opentelemetry.io/otel/metric v1.37.0/go.mod h1:04wGrZurHYKOc+RKeye86GwKiTb9FKm1WHtO+4EVr2E=
go.opentelemetry.io/otel/metric v1.38.0 h1:Kl6lzIYGAh5M159u9NgiRkmoMKjvbsKtYRwgfrA6WpA=
go.opentelemetry.io/otel/metric v1.38.0/go.mod h1:kB5n/QoRM8YwmUahxvI3bO34eVtQf2i4utNVLr9gEmI=
go.opentelemetry.io/otel/sdk v1.37.0 h1:ItB0QUqnjesGRvNcmAcU0LyvkVyGJ2xftD29bWdDvKI=
go.opentelemetry.io/otel/sdk v1.37.0/go.mod h1:VredYzxUvuo2q3WRcDnKDjbdvmO0sCzOvVAiY+yUkAg=
go.opentelemetry.io/otel/sdk v1.38.0 h1:l48sr5YbNf2hpCUj/FoGhW9yDkl+Ma+LrVl8qaM5b+E=
go.opentelemetry.io/otel/sdk v1.38.0/go.mod h1:ghmNdGlVemJI3+ZB5iDEuk4bWA3GkTpW+DOoZMYBVVg=
go.opentelemetry.io/otel/sdk/metric v1.37.0 h1:90lI228XrB9jCMuSdA0673aubgRobVZFhbjxHHspCPc=
go.opentelemetry.io/otel/sdk/metric v1.37.0/go.mod h1:cNen4ZWfiD37l5NhS+Keb5RXVWZWpRE+9WyVCpbo5ps=
go.opentelemetry.io/otel/sdk/metric v1.38.0 h1:aSH66iL0aZqo//xXzQLYozmWrXxyFkBJ6qT5wthqPoM=
go.opentelemetry.io/otel/trace v1.37.0 h1:HLdcFNbRQBE2imdSEgm/kwqmQj1Or1l/7bW6mxVK7z4=
go.opentelemetry.io/otel/trace v1.37.0/go.mod h1:TlgrlQ+PtQO5XFerSPUYG0JSgGyryXewPGyayAWSBS0=
go.opentelemetry.io/otel/trace v1.38.0 h1:Fxk5bKrDZJUH+AMyyIXGcFAPah0oRcT+LuNtJrmcNLE=
go.opentelemetry.io/otel/trace v1.38.0/go.mod h1:j1P9ivuFsTceSWe1oY+EeW3sc+Pp42sO++GHkg4wwhs=
go.opentelemetry.io/proto/otlp v1.5.0 h1:xJvq7gMzB31/d406fB8U5CBdyQGw4P399D1aQWU/3i4=
go.opentelemetry.io/proto/otlp v1.5.0/go.mod h1:keN8WnHxOy8PG0rQZjJJ5A2ebUoafqWp0eVQ4yIXvJ4=
go.opentelemetry.io/proto/otlp v1.7.1 h1:gTOMpGDb0WTBOP8JaO72iL3auEZhVmAQg4ipjOVAtj4=
go.opentelemetry.io/proto/otlp v1.7.1/go.mod h1:b2rVh6rfI/s2pHWNlB7ILJcRALpcNDzKhACevjI+ZnE=
go.uber.org/goleak v1.3.0 h1:2K3zAYmnTNqV73imy9J1T3WC+gmCePx2hEGkimedGto=
go.uber.org/goleak v1.3.0/go.mod h1:CoHD4mav9JJNrW/WLlf7HGZPjdw8EucARQHekz1X6bE=
go.uber.org/multierr v1.10.0 h1:S0h4aNzvfcFsC3dRF1jLoaov7oRaKqRGC/pUEJ2yvPQ=
go.uber.org/multierr v1.10.0/go.mod h1:20+QtiLqy0Nd6FdQB9TLXag12DsQkrbs3htMFfDN80Y=
go.uber.org/multierr v1.11.0 h1:blXXJkSxSSfBVBlC76pxqeO+LN3aDfLQo+309xJstO0=
go.uber.org/multierr v1.11.0/go.mod h1:20+QtiLqy0Nd6FdQB9TLXag12DsQkrbs3htMFfDN80Y=
go.uber.org/zap v1.26.0 h1:sI7k6L95XOKS281NhVKOFCUNIvv9e0w4BF8N3u+tCRo=
go.uber.org/zap v1.26.0/go.mod h1:dtElttAiwGvoJ/vj4IwHBS/gXsEu/pZ50mUIRWuG0so=
go.uber.org/zap v1.27.0 h1:aJMhYGrd5QSmlpLMr2MftRKl7t8J8PTZPA732ud/XR8=
go.uber.org/zap v1.27.0/go.mod h1:GB2qFLM7cTU87MWRP2mPIjqfIDnGu+VIO4V/SdhGo2E=
golang.org/x/crypto v0.41.0 h1:WKYxWedPGCTVVl5+WHSSrOBT0O8lx32+zxmHxijgXp4=
golang.org/x/crypto v0.41.0/go.mod h1:pO5AFd7FA68rFak7rOAGVuygIISepHftHnr8dr6+sUc=
golang.org/x/net v0.42.0 h1:jzkYrhi3YQWD6MLBJcsklgQsoAcw89EcZbJw8Z614hs=
golang.org/x/net v0.42.0/go.mod h1:FF1RA5d3u7nAYA4z2TkclSCKh68eSXtiFwcWQpPXdt8=
golang.org/x/net v0.43.0 h1:lat02VYK2j4aLzMzecihNvTlJNQUq316m2Mr9rnM6YE=
golang.org/x/net v0.43.0/go.mod h1:vhO1fvI4dGsIjh73sWfUVjj3N7CA9WkKJNQm2svM6Jg=
golang.org/x/sys v0.21.0/go.mod h1:/VUhepiaJMQUp4+oa/7Zr1D23ma6VTLIYjOOTFZPUcA=
golang.org/x/sys v0.35.0 h1:vz1N37gP5bs89s7He8XuIYXpyY0+QlsKmzipCbUtyxI=
golang.org/x/sys v0.35.0/go.mod h1:BJP2sWEmIv4KK5OTEluFJCKSidICx8ciO85XgH3Ak8k=
golang.org/x/text v0.28.0 h1:rhazDwis8INMIwQ4tpjLDzUhx6RlXqZNPEM0huQojng=
golang.org/x/text v0.28.0/go.mod h1:U8nCwOR8jO/marOQ0QbDiOngZVEBB7MAiitBuMjXiNU=
golang.org/x/time v0.12.0 h1:ScB/8o8olJvc+CQPWrK3fPZNfh7qgwCrY0zJmoEQLSE=
golang.org/x/time v0.12.0/go.mod h1:CDIdPxbZBQxdj6cxyCIdrNogrJKMJ7pr37NYpMcMDSg=
gonum.org/v1/gonum v0.16.0 h1:5+ul4Swaf3ESvrOnidPp4GZbzf0mxVQpDCYUQE7OJfk=
gonum.org/v1/gonum v0.16.0/go.mod h1:fef3am4MQ93R2HHpKnLk4/Tbh/s0+wqD5nfa6Pnwy4E=
google.golang.org/genproto/googleapis/api v0.0.0-20250707201910-8d1bb00bc6a7 h1:FiusG7LWj+4byqhbvmB+Q93B/mOxJLN2DTozDuZm4EU=
google.golang.org/genproto/googleapis/api v0.0.0-20250707201910-8d1bb00bc6a7/go.mod h1:kXqgZtrWaf6qS3jZOCnCH7WYfrvFjkC51bM8fz3RsCA=
google.golang.org/genproto/googleapis/api v0.0.0-20250826171959-ef028d996bc1 h1:APHvLLYBhtZvsbnpkfknDZ7NyH4z5+ub/I0u8L3Oz6g=
google.golang.org/genproto/googleapis/api v0.0.0-20250826171959-ef028d996bc1/go.mod h1:xUjFWUnWDpZ/C0Gu0qloASKFb6f8/QXiiXhSPFsD668=
google.golang.org/genproto/googleapis/rpc v0.0.0-20250707201910-8d1bb00bc6a7 h1:pFyd6EwwL2TqFf8emdthzeX+gZE1ElRq3iM8pui4KBY=
google.golang.org/genproto/googleapis/rpc v0.0.0-20250707201910-8d1bb00bc6a7/go.mod h1:qQ0YXyHHx3XkvlzUtpXDkS29lDSafHMZBAZDc03LQ3A=
google.golang.org/genproto/googleapis/rpc v0.0.0-20250826171959-ef028d996bc1 h1:pmJpJEvT846VzausCQ5d7KreSROcDqmO388w5YbnltA=
google.golang.org/genproto/googleapis/rpc v0.0.0-20250826171959-ef028d996bc1/go.mod h1:GmFNa4BdJZ2a8G+wCe9Bg3wwThLrJun751XstdJt5Og=
google.golang.org/grpc v1.75.0 h1:+TW+dqTd2Biwe6KKfhE5JpiYIBWq865PhKGSXiivqt4=
google.golang.org/grpc v1.75.0/go.mod h1:JtPAzKiq4v1xcAB2hydNlWI2RnF85XXcV0mhKXr2ecQ=
google.golang.org/protobuf v1.36.6 h1:z1NpPI8ku2WgiWnf+t9wTPsn6eP1L7ksHUlkfLvd9xY=
google.golang.org/protobuf v1.36.6/go.mod h1:jduwjTPXsFjZGTmRluh+L6NjiWu7pchiJ2/5YcXBHnY=
google.golang.org/protobuf v1.36.8 h1:xHScyCOEuuwZEc6UtSOvPbAT4zRh0xcNRYekJwfqyMc=
google.golang.org/protobuf v1.36.8/go.mod h1:fuxRtAxBytpl4zzqUh6/eyUujkJdNiuEkXntxiD/uRU=
gopkg.in/check.v1 v0.0.0-20161208181325-20d25e280405/go.mod h1:Co6ibVJAznAaIkqp8huTwlJQCZ016jof/cbN4VW5Yz0=
gopkg.in/check.v1 v1.0.0-20201130134442-10cb98267c6c h1:Hei/4ADfdWqJk1ZMxUNpqntNwaWcugrBjAiHlqqRiVk=
gopkg.in/check.v1 v1.0.0-20201130134442-10cb98267c6c/go.mod h1:JHkPIbrfpd72SG/EVd6muEfDQjcINNoR0C8j2r3qZ4Q=
gopkg.in/yaml.v3 v3.0.1 h1:fxVm/GzAzEWqLHuvctI91KS9hhNmmWOoWu0XTYJS7CA=
gopkg.in/yaml.v3 v3.0.1/go.mod h1:K4uyk7z7BCEPqu6E+C64Yfv1cQ7kz7rIZviUmN+EgEM=
